{
  "nodes": {
    "cross-naersk": {
      "inputs": {
        "naersk": [
          "naersk"
        ],
        "nixpkgs": [
          "nixpkgs"
        ]
      },
      "locked": {
        "lastModified": 1687811683,
        "narHash": "sha256-j0+0y2CBlwrbVkVEZajjAy9gdzHRNCq8hQTRe+QXTAQ=",
        "owner": "icewind1991",
        "repo": "cross-naersk",
        "rev": "5e987fcf0521602914773016b173403d0fa873f9",
        "type": "github"
      },
      "original": {
        "owner": "icewind1991",
        "repo": "cross-naersk",
        "type": "github"
      }
    },
    "naersk": {
      "inputs": {
        "nixpkgs": [
          "nixpkgs"
        ]
      },
      "locked": {
        "lastModified": 1688229166,
        "narHash": "sha256-9lGDg8K1ASjTThzYjctdgd35WqocIIeakQXs5tAbQsM=",
        "owner": "nix-community",
        "repo": "naersk",
        "rev": "714e701eb4ca2491d34d794b98be4b994a796ae7",
        "type": "github"
      },
      "original": {
        "owner": "nix-community",
        "repo": "naersk",
        "type": "github"
      }
    },
    "nixpkgs": {
      "locked": {
        "lastModified": 1685533922,
        "narHash": "sha256-y4FCQpYafMQ42l1V+NUrMel9RtFtZo59PzdzflKR/lo=",
        "owner": "NixOS",
        "repo": "nixpkgs",
        "rev": "3a70dd92993182f8e514700ccf5b1ae9fc8a3b8d",
        "type": "github"
      },
      "original": {
        "id": "nixpkgs",
        "ref": "nixos-23.05",
        "type": "indirect"
      }
    },
    "root": {
      "inputs": {
        "cross-naersk": "cross-naersk",
        "naersk": "naersk",
        "nixpkgs": "nixpkgs",
        "rust-overlay": "rust-overlay",
        "utils": "utils"
      }
    },
    "rust-overlay": {
      "inputs": {
        "flake-utils": [
          "utils"
        ],
        "nixpkgs": [
          "nixpkgs"
        ]
      },
      "locked": {
        "lastModified": 1685587239,
        "narHash": "sha256-zpOir1AWpWyQscP5dMpqMrCgBzjzH7Wv0FNUsQ0dcS0=",
        "owner": "oxalica",
        "repo": "rust-overlay",
        "rev": "acb7e896a73b0cf2c6ffe40b2051eb7f88fc2a10",
        "type": "github"
      },
      "original": {
        "owner": "oxalica",
        "repo": "rust-overlay",
        "type": "github"
      }
    },
    "systems": {
      "locked": {
        "lastModified": 1681028828,
        "narHash": "sha256-Vy1rq5AaRuLzOxct8nz4T6wlgyUR7zLU309k9mBC768=",
        "owner": "nix-systems",
        "repo": "default",
        "rev": "da67096a3b9bf56a91d16901293e51ba5b49a27e",
        "type": "github"
      },
      "original": {
        "owner": "nix-systems",
        "repo": "default",
        "type": "github"
      }
    },
    "utils": {
      "inputs": {
        "systems": "systems"
      },
      "locked": {
        "lastModified": 1685518550,
        "narHash": "sha256-o2d0KcvaXzTrPRIo0kOLV0/QXHhDQ5DTi+OxcjO8xqY=",
        "owner": "numtide",
        "repo": "flake-utils",
        "rev": "a1720a10a6cfe8234c0e93907ffe81be440f4cef",
        "type": "github"
      },
      "original": {
        "owner": "numtide",
        "repo": "flake-utils",
        "type": "github"
      }
    }
  },
  "root": "root",
  "version": 7
}
